
Microsoft Visual Studio Solution File, Format Version 12.00
# Visual Studio Version 16
VisualStudioVersion = 16.0.30907.101
MinimumVisualStudioVersion = 10.0.40219.1
Project("{9A19103F-16F7-4668-BE54-9A1E7A4F7556}") = "pratical1", "pratical1\pratical1.csproj", "{C99A56ED-3E99-497F-AED3-9CCFA5A24DF4}"
EndProject
Project("{9A19103F-16F7-4668-BE54-9A1E7A4F7556}") = "DataAccessLibrary", "DataAccessLibrary\DataAccessLibrary.csproj", "{19BABCB0-0BDB-4E17-B0CA-6BB75F854CC7}"
EndProject
Global
	GlobalSection(SolutionConfigurationPlatforms) = preSolution
		Debug|Any CPU = Debug|Any CPU
		Release|Any CPU = Release|Any CPU
	EndGlobalSection
	GlobalSection(ProjectConfigurationPlatforms) = postSolution
		{C99A56ED-3E99-497F-AED3-9CCFA5A24DF4}.Debug|Any CPU.ActiveCfg = Debug|Any CPU
		{C99A56ED-3E99-497F-AED3-9CCFA5A24DF4}.Debug|Any CPU.Build.0 = Debug|Any CPU
		{C99A56ED-3E99-497F-AED3-9CCFA5A24DF4}.Release|Any CPU.ActiveCfg = Release|Any CPU
		{C99A56ED-3E99-497F-AED3-9CCFA5A24DF4}.Release|Any CPU.Build.0 = Release|Any CPU
		{19BABCB0-0BDB-4E17-B0CA-6BB75F854CC7}.Debug|Any CPU.ActiveCfg = Debug|Any CPU
		{19BABCB0-0BDB-4E17-B0CA-6BB75F854CC7}.Debug|Any CPU.Build.0 = Debug|Any CPU
		{19BABCB0-0BDB-4E17-B0CA-6BB75F854CC7}.Release|Any CPU.ActiveCfg = Release|Any CPU
		{19BABCB0-0BDB-4E17-B0CA-6BB75F854CC7}.Release|Any CPU.Build.0 = Release|Any CPU
	EndGlobalSection
	GlobalSection(SolutionProperties) = preSolution
		HideSolutionNode = FALSE
	EndGlobalSection
	GlobalSection(ExtensibilityGlobals) = postSolution
		SolutionGuid = {3983AB15-5B89-4AF1-B550-984F1B0E9A4C}
	EndGlobalSection
EndGlobal
